
Microsoft Visual Studio Solution File, Format Version 12.00
# Visual Studio Version 17
VisualStudioVersion = 17.9.34728.123
MinimumVisualStudioVersion = 10.0.40219.1
Project("{FAE04EC0-301F-11D3-BF4B-00C04F79EFBC}") = "ArenaBattle", "ArenaBattle\ArenaBattle.csproj", "{A9CD2F05-10F0-4468-9EAB-AAE3FBE060D7}"
EndProject
Project("{FAE04EC0-301F-11D3-BF4B-00C04F79EFBC}") = "ArenaBattle.Tests", "ArenaBattle.Tests\ArenaBattle.Tests.csproj", "{0E40D616-9874-4307-A2A3-4634629F6E16}"
EndProject
Global
	GlobalSection(SolutionConfigurationPlatforms) = preSolution
		Debug|Any CPU = Debug|Any CPU
		Release|Any CPU = Release|Any CPU
	EndGlobalSection
	GlobalSection(ProjectConfigurationPlatforms) = postSolution
		{A9CD2F05-10F0-4468-9EAB-AAE3FBE060D7}.Debug|Any CPU.ActiveCfg = Debug|Any CPU
		{A9CD2F05-10F0-4468-9EAB-AAE3FBE060D7}.Debug|Any CPU.Build.0 = Debug|Any CPU
		{A9CD2F05-10F0-4468-9EAB-AAE3FBE060D7}.Release|Any CPU.ActiveCfg = Release|Any CPU
		{A9CD2F05-10F0-4468-9EAB-AAE3FBE060D7}.Release|Any CPU.Build.0 = Release|Any CPU
		{0E40D616-9874-4307-A2A3-4634629F6E16}.Debug|Any CPU.ActiveCfg = Debug|Any CPU
		{0E40D616-9874-4307-A2A3-4634629F6E16}.Debug|Any CPU.Build.0 = Debug|Any CPU
		{0E40D616-9874-4307-A2A3-4634629F6E16}.Release|Any CPU.ActiveCfg = Release|Any CPU
		{0E40D616-9874-4307-A2A3-4634629F6E16}.Release|Any CPU.Build.0 = Release|Any CPU
	EndGlobalSection
	GlobalSection(SolutionProperties) = preSolution
		HideSolutionNode = FALSE
	EndGlobalSection
	GlobalSection(ExtensibilityGlobals) = postSolution
		SolutionGuid = {6DE1A35F-F3C1-4ECD-8346-F980CC7FD243}
	EndGlobalSection
EndGlobal
